
Microsoft Visual Studio Solution File, Format Version 12.00
# Visual Studio 15
VisualStudioVersion = 15.0.27703.2042
MinimumVisualStudioVersion = 10.0.40219.1
Project("{9A19103F-16F7-4668-BE54-9A1E7A4F7556}") = "treegrid-core", "treegrid-core.csproj", "{2A93C6FB-9613-4F28-A0B7-966DE81C7402}"
EndProject
Global
	GlobalSection(SolutionConfigurationPlatforms) = preSolution
		Debug|Any CPU = Debug|Any CPU
		Release|Any CPU = Release|Any CPU
	EndGlobalSection
	GlobalSection(ProjectConfigurationPlatforms) = postSolution
		{2A93C6FB-9613-4F28-A0B7-966DE81C7402}.Debug|Any CPU.ActiveCfg = Debug|Any CPU
		{2A93C6FB-9613-4F28-A0B7-966DE81C7402}.Debug|Any CPU.Build.0 = Debug|Any CPU
		{2A93C6FB-9613-4F28-A0B7-966DE81C7402}.Release|Any CPU.ActiveCfg = Release|Any CPU
		{2A93C6FB-9613-4F28-A0B7-966DE81C7402}.Release|Any CPU.Build.0 = Release|Any CPU
	EndGlobalSection
	GlobalSection(SolutionProperties) = preSolution
		HideSolutionNode = FALSE
	EndGlobalSection
	GlobalSection(ExtensibilityGlobals) = postSolution
		SolutionGuid = {042A376F-353E-4EEC-9DF7-BE1BDB83F61E}
	EndGlobalSection
EndGlobal
